
Microsoft Visual Studio Solution File, Format Version 12.00
# Visual Studio Version 17
VisualStudioVersion = 17.5.001.0
MinimumVisualStudioVersion = 10.0.40219.1
Project("{9A19103F-16F7-4668-BE54-9A1E7A4F7556}") = "testec#", "testec#.csproj", "{ABBBFD1E-028B-4AE7-8CF8-4DB47746276C}"
EndProject
Global
	GlobalSection(SolutionConfigurationPlatforms) = preSolution
		Debug|Any CPU = Debug|Any CPU
		Release|Any CPU = Release|Any CPU
	EndGlobalSection
	GlobalSection(ProjectConfigurationPlatforms) = postSolution
		{ABBBFD1E-028B-4AE7-8CF8-4DB47746276C}.Debug|Any CPU.ActiveCfg = Debug|Any CPU
		{ABBBFD1E-028B-4AE7-8CF8-4DB47746276C}.Debug|Any CPU.Build.0 = Debug|Any CPU
		{ABBBFD1E-028B-4AE7-8CF8-4DB47746276C}.Release|Any CPU.ActiveCfg = Release|Any CPU
		{ABBBFD1E-028B-4AE7-8CF8-4DB47746276C}.Release|Any CPU.Build.0 = Release|Any CPU
	EndGlobalSection
	GlobalSection(SolutionProperties) = preSolution
		HideSolutionNode = FALSE
	EndGlobalSection
	GlobalSection(ExtensibilityGlobals) = postSolution
		SolutionGuid = {5765FA34-32C8-4B39-A75A-FA9A7A9D6F3B}
	EndGlobalSection
EndGlobal
